// !$*UTF8*$!
{
	archiveVersion = 1;
	classes = {
	};
	objectVersion = 46;
	objects = {

/* Begin PBXBuildFile section */
		E1B9F20015C00CFE003D43B9 /* UIKit.framework in Frameworks */ = {isa = PBXBuildFile; fileRef = E1B9F1FF15C00CFE003D43B9 /* UIKit.framework */; };
		E1B9F20215C00CFE003D43B9 /* Foundation.framework in Frameworks */ = {isa = PBXBuildFile; fileRef = E1B9F20115C00CFE003D43B9 /* Foundation.framework */; };
		E1B9F20415C00CFE003D43B9 /* CoreGraphics.framework in Frameworks */ = {isa = PBXBuildFile; fileRef = E1B9F20315C00CFE003D43B9 /* CoreGraphics.framework */; };
		E1B9F20A15C00CFE003D43B9 /* InfoPlist.strings in Resources */ = {isa = PBXBuildFile; fileRef = E1B9F20815C00CFE003D43B9 /* InfoPlist.strings */; };
		E1B9F20C15C00CFE003D43B9 /* main.m in Sources */ = {isa = PBXBuildFile; fileRef = E1B9F20B15C00CFE003D43B9 /* main.m */; };
		E1B9F21015C00CFE003D43B9 /* AppDelegate.m in Sources */ = {isa = PBXBuildFile; fileRef = E1B9F20F15C00CFE003D43B9 /* AppDelegate.m */; };
		E1B9F21315C00CFE003D43B9 /* MainStoryboard.storyboard in Resources */ = {isa = PBXBuildFile; fileRef = E1B9F21115C00CFE003D43B9 /* MainStoryboard.storyboard */; };
		E1B9F21615C00CFE003D43B9 /* ViewController.m in Sources */ = {isa = PBXBuildFile; fileRef = E1B9F21515C00CFE003D43B9 /* ViewController.m */; };
/* End PBXBuildFile section */

/* Begin PBXFileReference section */
		E1B9F1FB15C00CFE003D43B9 /* GW2G_IOS.app */ = {isa = PBXFileReference; explicitFileType = wrapper.application; includeInIndex = 0; path = GW2G_IOS.app; sourceTree = BUILT_PRODUCTS_DIR; };
		E1B9F1FF15C00CFE003D43B9 /* UIKit.framework */ = {isa = PBXFileReference; lastKnownFileType = wrapper.framework; name = UIKit.framework; path = System/Library/Frameworks/UIKit.framework; sourceTree = SDKROOT; };
		E1B9F20115C00CFE003D43B9 /* Foundation.framework */ = {isa = PBXFileReference; lastKnownFileType = wrapper.framework; name = Foundation.framework; path = System/Library/Frameworks/Foundation.framework; sourceTree = SDKROOT; };
		E1B9F20315C00CFE003D43B9 /* CoreGraphics.framework */ = {isa = PBXFileReference; lastKnownFileType = wrapper.framework; name = CoreGraphics.framework; path = System/Library/Frameworks/CoreGraphics.framework; sourceTree = SDKROOT; };
		E1B9F20715C00CFE003D43B9 /* GW2G_IOS-Info.plist */ = {isa = PBXFileReference; lastKnownFileType = text.plist.xml; path = "GW2G_IOS-Info.plist"; sourceTree = "<group>"; };
		E1B9F20915C00CFE003D43B9 /* en */ = {isa = PBXFileReference; lastKnownFileType = text.plist.strings; name = en; path = en.lproj/InfoPlist.strings; sourceTree = "<group>"; };
		E1B9F20B15C00CFE003D43B9 /* main.m */ = {isa = PBXFileReference; lastKnownFileType = sourcecode.c.objc; path = main.m; sourceTree = "<group>"; };
		E1B9F20D15C00CFE003D43B9 /* GW2G_IOS-Prefix.pch */ = {isa = PBXFileReference; lastKnownFileType = sourcecode.c.h; path = "GW2G_IOS-Prefix.pch"; sourceTree = "<group>"; };
		E1B9F20E15C00CFE003D43B9 /* AppDelegate.h */ = {isa = PBXFileReference; lastKnownFileType = sourcecode.c.h; path = AppDelegate.h; sourceTree = "<group>"; };
		E1B9F20F15C00CFE003D43B9 /* AppDelegate.m */ = {isa = PBXFileReference; lastKnownFileType = sourcecode.c.objc; path = AppDelegate.m; sourceTree = "<group>"; };
		E1B9F21215C00CFE003D43B9 /* en */ = {isa = PBXFileReference; lastKnownFileType = file.storyboard; name = en; path = en.lproj/MainStoryboard.storyboard; sourceTree = "<group>"; };
		E1B9F21415C00CFE003D43B9 /* ViewController.h */ = {isa = PBXFileReference; lastKnownFileType = sourcecode.c.h; path = ViewController.h; sourceTree = "<group>"; };
		E1B9F21515C00CFE003D43B9 /* ViewController.m */ = {isa = PBXFileReference; lastKnownFileType = sourcecode.c.objc; path = ViewController.m; sourceTree = "<group>"; };
/* End PBXFileReference section */

/* Begin PBXFrameworksBuildPhase section */
		E1B9F1F815C00CFE003D43B9 /* Frameworks */ = {
			isa = PBXFrameworksBuildPhase;
			buildActionMask = 2147483647;
			files = (
				E1B9F20015C00CFE003D43B9 /* UIKit.framework in Frameworks */,
				E1B9F20215C00CFE003D43B9 /* Foundation.framework in Frameworks */,
				E1B9F20415C00CFE003D43B9 /* CoreGraphics.framework in Frameworks */,
			);
			runOnlyForDeploymentPostprocessing = 0;
		};
/* End PBXFrameworksBuildPhase section */

/* Begin PBXGroup section */
		E15F667D15C02E7E00B78047 /* Images */ = {
			isa = PBXGroup;
			children = (
				E15F668015C02EB900B78047 /* GUI */,
				E15F667F15C02EAE00B78047 /* Icons */,
			);
			name = Images;
			sourceTree = "<group>";
		};
		E15F667F15C02EAE00B78047 /* Icons */ = {
			isa = PBXGroup;
			children = (
				E15F668815C02FA800B78047 /* Mesmer */,
				E15F668715C02F8A00B78047 /* Engineer */,
				E15F668615C02F2F00B78047 /* Necromancer */,
				E15F668515C02F2600B78047 /* Ranger */,
				E15F668415C02F1600B78047 /* Elementalist */,
				E15F668315C02F0E00B78047 /* Guardian */,
				E15F668215C02EF800B78047 /* Warrior */,
			);
			name = Icons;
			sourceTree = "<group>";
		};
		E15F668015C02EB900B78047 /* GUI */ = {
			isa = PBXGroup;
			children = (
				E15F669115C0300D00B78047 /* Tab Bar */,
				E15F669015C02FFE00B78047 /* App Icon */,
				E15F668115C02EDA00B78047 /* Launcher */,
			);
			name = GUI;
			sourceTree = "<group>";
		};
		E15F668115C02EDA00B78047 /* Launcher */ = {
			isa = PBXGroup;
			children = (
			);
			name = Launcher;
			sourceTree = "<group>";
		};
		E15F668215C02EF800B78047 /* Warrior */ = {
			isa = PBXGroup;
			children = (
				E15F668F15C02FDB00B78047 /* Skills */,
			);
			name = Warrior;
			sourceTree = "<group>";
		};
		E15F668315C02F0E00B78047 /* Guardian */ = {
			isa = PBXGroup;
			children = (
				E15F668E15C02FD800B78047 /* Skills */,
			);
			name = Guardian;
			sourceTree = "<group>";
		};
		E15F668415C02F1600B78047 /* Elementalist */ = {
			isa = PBXGroup;
			children = (
				E15F668D15C02FD200B78047 /* Skills */,
			);
			name = Elementalist;
			sourceTree = "<group>";
		};
		E15F668515C02F2600B78047 /* Ranger */ = {
			isa = PBXGroup;
			children = (
				E15F668C15C02FD000B78047 /* Skills */,
			);
			name = Ranger;
			sourceTree = "<group>";
		};
		E15F668615C02F2F00B78047 /* Necromancer */ = {
			isa = PBXGroup;
			children = (
				E15F668B15C02FCC00B78047 /* Skills */,
			);
			name = Necromancer;
			sourceTree = "<group>";
		};
		E15F668715C02F8A00B78047 /* Engineer */ = {
			isa = PBXGroup;
			children = (
				E15F668A15C02FC400B78047 /* Skills */,
			);
			name = Engineer;
			sourceTree = "<group>";
		};
		E15F668815C02FA800B78047 /* Mesmer */ = {
			isa = PBXGroup;
			children = (
				E15F668915C02FB000B78047 /* Skills */,
			);
			name = Mesmer;
			sourceTree = "<group>";
		};
		E15F668915C02FB000B78047 /* Skills */ = {
			isa = PBXGroup;
			children = (
			);
			name = Skills;
			sourceTree = "<group>";
		};
		E15F668A15C02FC400B78047 /* Skills */ = {
			isa = PBXGroup;
			children = (
			);
			name = Skills;
			sourceTree = "<group>";
		};
		E15F668B15C02FCC00B78047 /* Skills */ = {
			isa = PBXGroup;
			children = (
			);
			name = Skills;
			sourceTree = "<group>";
		};
		E15F668C15C02FD000B78047 /* Skills */ = {
			isa = PBXGroup;
			children = (
			);
			name = Skills;
			sourceTree = "<group>";
		};
		E15F668D15C02FD200B78047 /* Skills */ = {
			isa = PBXGroup;
			children = (
			);
			name = Skills;
			sourceTree = "<group>";
		};
		E15F668E15C02FD800B78047 /* Skills */ = {
			isa = PBXGroup;
			children = (
			);
			name = Skills;
			sourceTree = "<group>";
		};
		E15F668F15C02FDB00B78047 /* Skills */ = {
			isa = PBXGroup;
			children = (
			);
			name = Skills;
			sourceTree = "<group>";
		};
		E15F669015C02FFE00B78047 /* App Icon */ = {
			isa = PBXGroup;
			children = (
			);
			name = "App Icon";
			sourceTree = "<group>";
		};
		E15F669115C0300D00B78047 /* Tab Bar */ = {
			isa = PBXGroup;
			children = (
			);
			name = "Tab Bar";
			sourceTree = "<group>";
		};
		E1B9F1F015C00CFE003D43B9 = {
			isa = PBXGroup;
			children = (
				E15F667D15C02E7E00B78047 /* Images */,
				E1B9F20515C00CFE003D43B9 /* GW2G_IOS */,
				E1B9F1FE15C00CFE003D43B9 /* Frameworks */,
				E1B9F1FC15C00CFE003D43B9 /* Products */,
			);
			sourceTree = "<group>";
		};
		E1B9F1FC15C00CFE003D43B9 /* Products */ = {
			isa = PBXGroup;
			children = (
				E1B9F1FB15C00CFE003D43B9 /* GW2G_IOS.app */,
			);
			name = Products;
			sourceTree = "<group>";
		};
		E1B9F1FE15C00CFE003D43B9 /* Frameworks */ = {
			isa = PBXGroup;
			children = (
				E1B9F1FF15C00CFE003D43B9 /* UIKit.framework */,
				E1B9F20115C00CFE003D43B9 /* Foundation.framework */,
				E1B9F20315C00CFE003D43B9 /* CoreGraphics.framework */,
			);
			name = Frameworks;
			sourceTree = "<group>";
		};
		E1B9F20515C00CFE003D43B9 /* GW2G_IOS */ = {
			isa = PBXGroup;
			children = (
				E1B9F20E15C00CFE003D43B9 /* AppDelegate.h */,
				E1B9F20F15C00CFE003D43B9 /* AppDelegate.m */,
				E1B9F21115C00CFE003D43B9 /* MainStoryboard.storyboard */,
				E1B9F21415C00CFE003D43B9 /* ViewController.h */,
				E1B9F21515C00CFE003D43B9 /* ViewController.m */,
				E1B9F20615C00CFE003D43B9 /* Supporting Files */,
			);
			path = GW2G_IOS;
			sourceTree = "<group>";
		};
		E1B9F20615C00CFE003D43B9 /* Supporting Files */ = {
			isa = PBXGroup;
			children = (
				E1B9F20715C00CFE003D43B9 /* GW2G_IOS-Info.plist */,
				E1B9F20815C00CFE003D43B9 /* InfoPlist.strings */,
				E1B9F20B15C00CFE003D43B9 /* main.m */,
				E1B9F20D15C00CFE003D43B9 /* GW2G_IOS-Prefix.pch */,
			);
			name = "Supporting Files";
			sourceTree = "<group>";
		};
/* End PBXGroup section */

/* Begin PBXNativeTarget section */
		E1B9F1FA15C00CFE003D43B9 /* GW2G_IOS */ = {
			isa = PBXNativeTarget;
			buildConfigurationList = E1B9F21915C00CFE003D43B9 /* Build configuration list for PBXNativeTarget "GW2G_IOS" */;
			buildPhases = (
				E1B9F1F715C00CFE003D43B9 /* Sources */,
				E1B9F1F815C00CFE003D43B9 /* Frameworks */,
				E1B9F1F915C00CFE003D43B9 /* Resources */,
			);
			buildRules = (
			);
			dependencies = (
			);
			name = GW2G_IOS;
			productName = GW2G_IOS;
			productReference = E1B9F1FB15C00CFE003D43B9 /* GW2G_IOS.app */;
			productType = "com.apple.product-type.application";
		};
/* End PBXNativeTarget section */

/* Begin PBXProject section */
		E1B9F1F215C00CFE003D43B9 /* Project object */ = {
			isa = PBXProject;
			attributes = {
				LastUpgradeCheck = 0430;
			};
			buildConfigurationList = E1B9F1F515C00CFE003D43B9 /* Build configuration list for PBXProject "GW2G_IOS" */;
			compatibilityVersion = "Xcode 3.2";
			developmentRegion = English;
			hasScannedForEncodings = 0;
			knownRegions = (
				en,
			);
			mainGroup = E1B9F1F015C00CFE003D43B9;
			productRefGroup = E1B9F1FC15C00CFE003D43B9 /* Products */;
			projectDirPath = "";
			projectRoot = "";
			targets = (
				E1B9F1FA15C00CFE003D43B9 /* GW2G_IOS */,
			);
		};
/* End PBXProject section */

/* Begin PBXResourcesBuildPhase section */
		E1B9F1F915C00CFE003D43B9 /* Resources */ = {
			isa = PBXResourcesBuildPhase;
			buildActionMask = 2147483647;
			files = (
				E1B9F20A15C00CFE003D43B9 /* InfoPlist.strings in Resources */,
				E1B9F21315C00CFE003D43B9 /* MainStoryboard.storyboard in Resources */,
			);
			runOnlyForDeploymentPostprocessing = 0;
		};
/* End PBXResourcesBuildPhase section */

/* Begin PBXSourcesBuildPhase section */
		E1B9F1F715C00CFE003D43B9 /* Sources */ = {
			isa = PBXSourcesBuildPhase;
			buildActionMask = 2147483647;
			files = (
				E1B9F20C15C00CFE003D43B9 /* main.m in Sources */,
				E1B9F21015C00CFE003D43B9 /* AppDelegate.m in Sources */,
				E1B9F21615C00CFE003D43B9 /* ViewController.m in Sources */,
			);
			runOnlyForDeploymentPostprocessing = 0;
		};
/* End PBXSourcesBuildPhase section */

/* Begin PBXVariantGroup section */
		E1B9F20815C00CFE003D43B9 /* InfoPlist.strings */ = {
			isa = PBXVariantGroup;
			children = (
				E1B9F20915C00CFE003D43B9 /* en */,
			);
			name = InfoPlist.strings;
			sourceTree = "<group>";
		};
		E1B9F21115C00CFE003D43B9 /* MainStoryboard.storyboard */ = {
			isa = PBXVariantGroup;
			children = (
				E1B9F21215C00CFE003D43B9 /* en */,
			);
			name = MainStoryboard.storyboard;
			sourceTree = "<group>";
		};
/* End PBXVariantGroup section */

/* Begin XCBuildConfiguration section */
		E1B9F21715C00CFE003D43B9 /* Debug */ = {
			isa = XCBuildConfiguration;
			buildSettings = {
				ALWAYS_SEARCH_USER_PATHS = NO;
				ARCHS = "$(ARCHS_STANDARD_32_BIT)";
				CLANG_ENABLE_OBJC_ARC = YES;
				"CODE_SIGN_IDENTITY[sdk=iphoneos*]" = "iPhone Developer";
				COPY_PHASE_STRIP = NO;
				GCC_C_LANGUAGE_STANDARD = gnu99;
				GCC_DYNAMIC_NO_PIC = NO;
				GCC_OPTIMIZATION_LEVEL = 0;
				GCC_PREPROCESSOR_DEFINITIONS = (
					"DEBUG=1",
					"$(inherited)",
				);
				GCC_SYMBOLS_PRIVATE_EXTERN = NO;
				GCC_VERSION = com.apple.compilers.llvm.clang.1_0;
				GCC_WARN_ABOUT_RETURN_TYPE = YES;
				GCC_WARN_UNINITIALIZED_AUTOS = YES;
				GCC_WARN_UNUSED_VARIABLE = YES;
				IPHONEOS_DEPLOYMENT_TARGET = 5.1;
				SDKROOT = iphoneos;
			};
			name = Debug;
		};
		E1B9F21815C00CFE003D43B9 /* Release */ = {
			isa = XCBuildConfiguration;
			buildSettings = {
				ALWAYS_SEARCH_USER_PATHS = NO;
				ARCHS = "$(ARCHS_STANDARD_32_BIT)";
				CLANG_ENABLE_OBJC_ARC = YES;
				"CODE_SIGN_IDENTITY[sdk=iphoneos*]" = "iPhone Developer";
				COPY_PHASE_STRIP = YES;
				GCC_C_LANGUAGE_STANDARD = gnu99;
				GCC_VERSION = com.apple.compilers.llvm.clang.1_0;
				GCC_WARN_ABOUT_RETURN_TYPE = YES;
				GCC_WARN_UNINITIALIZED_AUTOS = YES;
				GCC_WARN_UNUSED_VARIABLE = YES;
				IPHONEOS_DEPLOYMENT_TARGET = 5.1;
				OTHER_CFLAGS = "-DNS_BLOCK_ASSERTIONS=1";
				SDKROOT = iphoneos;
				VALIDATE_PRODUCT = YES;
			};
			name = Release;
		};
		E1B9F21A15C00CFE003D43B9 /* Debug */ = {
			isa = XCBuildConfiguration;
			buildSettings = {
				GCC_PRECOMPILE_PREFIX_HEADER = YES;
				GCC_PREFIX_HEADER = "GW2G_IOS/GW2G_IOS-Prefix.pch";
				INFOPLIST_FILE = "GW2G_IOS/GW2G_IOS-Info.plist";
				PRODUCT_NAME = "$(TARGET_NAME)";
				WRAPPER_EXTENSION = app;
			};
			name = Debug;
		};
		E1B9F21B15C00CFE003D43B9 /* Release */ = {
			isa = XCBuildConfiguration;
			buildSettings = {
				GCC_PRECOMPILE_PREFIX_HEADER = YES;
				GCC_PREFIX_HEADER = "GW2G_IOS/GW2G_IOS-Prefix.pch";
				INFOPLIST_FILE = "GW2G_IOS/GW2G_IOS-Info.plist";
				PRODUCT_NAME = "$(TARGET_NAME)";
				WRAPPER_EXTENSION = app;
			};
			name = Release;
		};
/* End XCBuildConfiguration section */

/* Begin XCConfigurationList section */
		E1B9F1F515C00CFE003D43B9 /* Build configuration list for PBXProject "GW2G_IOS" */ = {
			isa = XCConfigurationList;
			buildConfigurations = (
				E1B9F21715C00CFE003D43B9 /* Debug */,
				E1B9F21815C00CFE003D43B9 /* Release */,
			);
			defaultConfigurationIsVisible = 0;
			defaultConfigurationName = Release;
		};
		E1B9F21915C00CFE003D43B9 /* Build configuration list for PBXNativeTarget "GW2G_IOS" */ = {
			isa = XCConfigurationList;
			buildConfigurations = (
				E1B9F21A15C00CFE003D43B9 /* Debug */,
				E1B9F21B15C00CFE003D43B9 /* Release */,
			);
			defaultConfigurationIsVisible = 0;
			defaultConfigurationName = Release;
		};
/* End XCConfigurationList section */
	};
	rootObject = E1B9F1F215C00CFE003D43B9 /* Project object */;
}
